
Microsoft Visual Studio Solution File, Format Version 12.00
# Visual Studio Version 17
VisualStudioVersion = 17.4.33403.182
MinimumVisualStudioVersion = 10.0.40219.1
Project("{FAE04EC0-301F-11D3-BF4B-00C04F79EFBC}") = "CalculadoraModerna", "CalculadoraModerna\CalculadoraModerna.csproj", "{E4A60F96-F65D-4CEF-A113-47221169123C}"
EndProject
Global
	GlobalSection(SolutionConfigurationPlatforms) = preSolution
		Debug|Any CPU = Debug|Any CPU
		Release|Any CPU = Release|Any CPU
	EndGlobalSection
	GlobalSection(ProjectConfigurationPlatforms) = postSolution
		{E4A60F96-F65D-4CEF-A113-47221169123C}.Debug|Any CPU.ActiveCfg = Debug|Any CPU
		{E4A60F96-F65D-4CEF-A113-47221169123C}.Debug|Any CPU.Build.0 = Debug|Any CPU
		{E4A60F96-F65D-4CEF-A113-47221169123C}.Release|Any CPU.ActiveCfg = Release|Any CPU
		{E4A60F96-F65D-4CEF-A113-47221169123C}.Release|Any CPU.Build.0 = Release|Any CPU
	EndGlobalSection
	GlobalSection(SolutionProperties) = preSolution
		HideSolutionNode = FALSE
	EndGlobalSection
	GlobalSection(ExtensibilityGlobals) = postSolution
		SolutionGuid = {60E72C51-EA9D-4272-9B13-3AA4C7E20E8A}
	EndGlobalSection
EndGlobal
